
Microsoft Visual Studio Solution File, Format Version 12.00
# Visual Studio Version 17
VisualStudioVersion = 17.4.33403.182
MinimumVisualStudioVersion = 10.0.40219.1
Project("{FAE04EC0-301F-11D3-BF4B-00C04F79EFBC}") = "Laba14_Ipv6", "Laba14_Ipv6\Laba14_Ipv6.csproj", "{EB3A0055-7A6D-44AE-A4BD-E8976AE983C6}"
EndProject
Global
	GlobalSection(SolutionConfigurationPlatforms) = preSolution
		Debug|Any CPU = Debug|Any CPU
		Release|Any CPU = Release|Any CPU
	EndGlobalSection
	GlobalSection(ProjectConfigurationPlatforms) = postSolution
		{EB3A0055-7A6D-44AE-A4BD-E8976AE983C6}.Debug|Any CPU.ActiveCfg = Debug|Any CPU
		{EB3A0055-7A6D-44AE-A4BD-E8976AE983C6}.Debug|Any CPU.Build.0 = Debug|Any CPU
		{EB3A0055-7A6D-44AE-A4BD-E8976AE983C6}.Release|Any CPU.ActiveCfg = Release|Any CPU
		{EB3A0055-7A6D-44AE-A4BD-E8976AE983C6}.Release|Any CPU.Build.0 = Release|Any CPU
	EndGlobalSection
	GlobalSection(SolutionProperties) = preSolution
		HideSolutionNode = FALSE
	EndGlobalSection
	GlobalSection(ExtensibilityGlobals) = postSolution
		SolutionGuid = {44E6704B-A93A-437F-BFC4-F9008D08E626}
	EndGlobalSection
EndGlobal
